
Microsoft Visual Studio Solution File, Format Version 12.00
# Visual Studio 14
VisualStudioVersion = 14.0.25123.0
MinimumVisualStudioVersion = 10.0.40219.1
Project("{FAE04EC0-301F-11D3-BF4B-00C04F79EFBC}") = "ConsoleApp", "Console\ConsoleApp.csproj", "{F87645FD-3D07-46A7-B512-21832F1F154A}"
EndProject
Project("{D954291E-2A0B-460D-934E-DC6B0785DB48}") = "Analytics", "Analytics\Analytics.shproj", "{EE02A885-91C3-4B32-9FBA-ECD22E12F921}"
EndProject
Project("{FAE04EC0-301F-11D3-BF4B-00C04F79EFBC}") = "StockQuotes.Droid", "StockQuotes\StockQuotes.Droid\StockQuotes.Droid.csproj", "{CB0AA0B8-037D-4AEF-96FA-F45F3E80B75E}"
EndProject
Project("{FAE04EC0-301F-11D3-BF4B-00C04F79EFBC}") = "StockQuotes.iOS", "StockQuotes\StockQuotes.iOS\StockQuotes.iOS.csproj", "{82856CBB-B19F-4CE0-927B-B746A747792D}"
EndProject
Project("{D954291E-2A0B-460D-934E-DC6B0785DB48}") = "StockQuotes", "StockQuotes\StockQuotes\StockQuotes.shproj", "{0ED5D2C5-2E29-4652-A0A4-8A272FC22D57}"
EndProject
Global
	GlobalSection(SharedMSBuildProjectFiles) = preSolution
		StockQuotes\StockQuotes\StockQuotes.projitems*{82856cbb-b19f-4ce0-927b-b746a747792d}*SharedItemsImports = 4
		Analytics\Analytics.projitems*{ee02a885-91c3-4b32-9fba-ecd22e12f921}*SharedItemsImports = 13
		StockQuotes\StockQuotes\StockQuotes.projitems*{0ed5d2c5-2e29-4652-a0a4-8a272fc22d57}*SharedItemsImports = 13
		Analytics\Analytics.projitems*{f87645fd-3d07-46a7-b512-21832f1f154a}*SharedItemsImports = 4
		StockQuotes\StockQuotes\StockQuotes.projitems*{cb0aa0b8-037d-4aef-96fa-f45f3e80b75e}*SharedItemsImports = 4
	EndGlobalSection
	GlobalSection(SolutionConfigurationPlatforms) = preSolution
		Ad-Hoc|Any CPU = Ad-Hoc|Any CPU
		Ad-Hoc|ARM = Ad-Hoc|ARM
		Ad-Hoc|iPhone = Ad-Hoc|iPhone
		Ad-Hoc|iPhoneSimulator = Ad-Hoc|iPhoneSimulator
		Ad-Hoc|x64 = Ad-Hoc|x64
		Ad-Hoc|x86 = Ad-Hoc|x86
		AppStore|Any CPU = AppStore|Any CPU
		AppStore|ARM = AppStore|ARM
		AppStore|iPhone = AppStore|iPhone
		AppStore|iPhoneSimulator = AppStore|iPhoneSimulator
		AppStore|x64 = AppStore|x64
		AppStore|x86 = AppStore|x86
		Debug|Any CPU = Debug|Any CPU
		Debug|ARM = Debug|ARM
		Debug|iPhone = Debug|iPhone
		Debug|iPhoneSimulator = Debug|iPhoneSimulator
		Debug|x64 = Debug|x64
		Debug|x86 = Debug|x86
		Release|Any CPU = Release|Any CPU
		Release|ARM = Release|ARM
		Release|iPhone = Release|iPhone
		Release|iPhoneSimulator = Release|iPhoneSimulator
		Release|x64 = Release|x64
		Release|x86 = Release|x86
	EndGlobalSection
	GlobalSection(ProjectConfigurationPlatforms) = postSolution
		{F87645FD-3D07-46A7-B512-21832F1F154A}.Ad-Hoc|Any CPU.ActiveCfg = Release|Any CPU
		{F87645FD-3D07-46A7-B512-21832F1F154A}.Ad-Hoc|Any CPU.Build.0 = Release|Any CPU
		{F87645FD-3D07-46A7-B512-21832F1F154A}.Ad-Hoc|ARM.ActiveCfg = Release|Any CPU
		{F87645FD-3D07-46A7-B512-21832F1F154A}.Ad-Hoc|ARM.Build.0 = Release|Any CPU
		{F87645FD-3D07-46A7-B512-21832F1F154A}.Ad-Hoc|iPhone.ActiveCfg = Release|Any CPU
		{F87645FD-3D07-46A7-B512-21832F1F154A}.Ad-Hoc|iPhone.Build.0 = Release|Any CPU
		{F87645FD-3D07-46A7-B512-21832F1F154A}.Ad-Hoc|iPhoneSimulator.ActiveCfg = Release|Any CPU
		{F87645FD-3D07-46A7-B512-21832F1F154A}.Ad-Hoc|iPhoneSimulator.Build.0 = Release|Any CPU
		{F87645FD-3D07-46A7-B512-21832F1F154A}.Ad-Hoc|x64.ActiveCfg = Release|Any CPU
		{F87645FD-3D07-46A7-B512-21832F1F154A}.Ad-Hoc|x64.Build.0 = Release|Any CPU
		{F87645FD-3D07-46A7-B512-21832F1F154A}.Ad-Hoc|x86.ActiveCfg = Release|Any CPU
		{F87645FD-3D07-46A7-B512-21832F1F154A}.Ad-Hoc|x86.Build.0 = Release|Any CPU
		{F87645FD-3D07-46A7-B512-21832F1F154A}.AppStore|Any CPU.ActiveCfg = Release|Any CPU
		{F87645FD-3D07-46A7-B512-21832F1F154A}.AppStore|Any CPU.Build.0 = Release|Any CPU
		{F87645FD-3D07-46A7-B512-21832F1F154A}.AppStore|ARM.ActiveCfg = Release|Any CPU
		{F87645FD-3D07-46A7-B512-21832F1F154A}.AppStore|ARM.Build.0 = Release|Any CPU
		{F87645FD-3D07-46A7-B512-21832F1F154A}.AppStore|iPhone.ActiveCfg = Release|Any CPU
		{F87645FD-3D07-46A7-B512-21832F1F154A}.AppStore|iPhone.Build.0 = Release|Any CPU
		{F87645FD-3D07-46A7-B512-21832F1F154A}.AppStore|iPhoneSimulator.ActiveCfg = Release|Any CPU
		{F87645FD-3D07-46A7-B512-21832F1F154A}.AppStore|iPhoneSimulator.Build.0 = Release|Any CPU
		{F87645FD-3D07-46A7-B512-21832F1F154A}.AppStore|x64.ActiveCfg = Release|Any CPU
		{F87645FD-3D07-46A7-B512-21832F1F154A}.AppStore|x64.Build.0 = Release|Any CPU
		{F87645FD-3D07-46A7-B512-21832F1F154A}.AppStore|x86.ActiveCfg = Release|Any CPU
		{F87645FD-3D07-46A7-B512-21832F1F154A}.AppStore|x86.Build.0 = Release|Any CPU
		{F87645FD-3D07-46A7-B512-21832F1F154A}.Debug|Any CPU.ActiveCfg = Debug|Any CPU
		{F87645FD-3D07-46A7-B512-21832F1F154A}.Debug|Any CPU.Build.0 = Debug|Any CPU
		{F87645FD-3D07-46A7-B512-21832F1F154A}.Debug|ARM.ActiveCfg = Debug|Any CPU
		{F87645FD-3D07-46A7-B512-21832F1F154A}.Debug|ARM.Build.0 = Debug|Any CPU
		{F87645FD-3D07-46A7-B512-21832F1F154A}.Debug|iPhone.ActiveCfg = Debug|Any CPU
		{F87645FD-3D07-46A7-B512-21832F1F154A}.Debug|iPhone.Build.0 = Debug|Any CPU
		{F87645FD-3D07-46A7-B512-21832F1F154A}.Debug|iPhoneSimulator.ActiveCfg = Debug|Any CPU
		{F87645FD-3D07-46A7-B512-21832F1F154A}.Debug|iPhoneSimulator.Build.0 = Debug|Any CPU
		{F87645FD-3D07-46A7-B512-21832F1F154A}.Debug|x64.ActiveCfg = Debug|Any CPU
		{F87645FD-3D07-46A7-B512-21832F1F154A}.Debug|x64.Build.0 = Debug|Any CPU
		{F87645FD-3D07-46A7-B512-21832F1F154A}.Debug|x86.ActiveCfg = Debug|Any CPU
		{F87645FD-3D07-46A7-B512-21832F1F154A}.Debug|x86.Build.0 = Debug|Any CPU
		{F87645FD-3D07-46A7-B512-21832F1F154A}.Release|Any CPU.ActiveCfg = Release|Any CPU
		{F87645FD-3D07-46A7-B512-21832F1F154A}.Release|Any CPU.Build.0 = Release|Any CPU
		{F87645FD-3D07-46A7-B512-21832F1F154A}.Release|ARM.ActiveCfg = Release|Any CPU
		{F87645FD-3D07-46A7-B512-21832F1F154A}.Release|ARM.Build.0 = Release|Any CPU
		{F87645FD-3D07-46A7-B512-21832F1F154A}.Release|iPhone.ActiveCfg = Release|Any CPU
		{F87645FD-3D07-46A7-B512-21832F1F154A}.Release|iPhone.Build.0 = Release|Any CPU
		{F87645FD-3D07-46A7-B512-21832F1F154A}.Release|iPhoneSimulator.ActiveCfg = Release|Any CPU
		{F87645FD-3D07-46A7-B512-21832F1F154A}.Release|iPhoneSimulator.Build.0 = Release|Any CPU
		{F87645FD-3D07-46A7-B512-21832F1F154A}.Release|x64.ActiveCfg = Release|Any CPU
		{F87645FD-3D07-46A7-B512-21832F1F154A}.Release|x64.Build.0 = Release|Any CPU
		{F87645FD-3D07-46A7-B512-21832F1F154A}.Release|x86.ActiveCfg = Release|Any CPU
		{F87645FD-3D07-46A7-B512-21832F1F154A}.Release|x86.Build.0 = Release|Any CPU
		{CB0AA0B8-037D-4AEF-96FA-F45F3E80B75E}.Ad-Hoc|Any CPU.ActiveCfg = Release|Any CPU
		{CB0AA0B8-037D-4AEF-96FA-F45F3E80B75E}.Ad-Hoc|Any CPU.Build.0 = Release|Any CPU
		{CB0AA0B8-037D-4AEF-96FA-F45F3E80B75E}.Ad-Hoc|Any CPU.Deploy.0 = Release|Any CPU
		{CB0AA0B8-037D-4AEF-96FA-F45F3E80B75E}.Ad-Hoc|ARM.ActiveCfg = Release|Any CPU
		{CB0AA0B8-037D-4AEF-96FA-F45F3E80B75E}.Ad-Hoc|ARM.Build.0 = Release|Any CPU
		{CB0AA0B8-037D-4AEF-96FA-F45F3E80B75E}.Ad-Hoc|ARM.Deploy.0 = Release|Any CPU
		{CB0AA0B8-037D-4AEF-96FA-F45F3E80B75E}.Ad-Hoc|iPhone.ActiveCfg = Release|Any CPU
		{CB0AA0B8-037D-4AEF-96FA-F45F3E80B75E}.Ad-Hoc|iPhone.Build.0 = Release|Any CPU
		{CB0AA0B8-037D-4AEF-96FA-F45F3E80B75E}.Ad-Hoc|iPhone.Deploy.0 = Release|Any CPU
		{CB0AA0B8-037D-4AEF-96FA-F45F3E80B75E}.Ad-Hoc|iPhoneSimulator.ActiveCfg = Release|Any CPU
		{CB0AA0B8-037D-4AEF-96FA-F45F3E80B75E}.Ad-Hoc|iPhoneSimulator.Build.0 = Release|Any CPU
		{CB0AA0B8-037D-4AEF-96FA-F45F3E80B75E}.Ad-Hoc|iPhoneSimulator.Deploy.0 = Release|Any CPU
		{CB0AA0B8-037D-4AEF-96FA-F45F3E80B75E}.Ad-Hoc|x64.ActiveCfg = Release|Any CPU
		{CB0AA0B8-037D-4AEF-96FA-F45F3E80B75E}.Ad-Hoc|x64.Build.0 = Release|Any CPU
		{CB0AA0B8-037D-4AEF-96FA-F45F3E80B75E}.Ad-Hoc|x64.Deploy.0 = Release|Any CPU
		{CB0AA0B8-037D-4AEF-96FA-F45F3E80B75E}.Ad-Hoc|x86.ActiveCfg = Release|Any CPU
		{CB0AA0B8-037D-4AEF-96FA-F45F3E80B75E}.Ad-Hoc|x86.Build.0 = Release|Any CPU
		{CB0AA0B8-037D-4AEF-96FA-F45F3E80B75E}.Ad-Hoc|x86.Deploy.0 = Release|Any CPU
		{CB0AA0B8-037D-4AEF-96FA-F45F3E80B75E}.AppStore|Any CPU.ActiveCfg = Release|Any CPU
		{CB0AA0B8-037D-4AEF-96FA-F45F3E80B75E}.AppStore|Any CPU.Build.0 = Release|Any CPU
		{CB0AA0B8-037D-4AEF-96FA-F45F3E80B75E}.AppStore|Any CPU.Deploy.0 = Release|Any CPU
		{CB0AA0B8-037D-4AEF-96FA-F45F3E80B75E}.AppStore|ARM.ActiveCfg = Release|Any CPU
		{CB0AA0B8-037D-4AEF-96FA-F45F3E80B75E}.AppStore|ARM.Build.0 = Release|Any CPU
		{CB0AA0B8-037D-4AEF-96FA-F45F3E80B75E}.AppStore|ARM.Deploy.0 = Release|Any CPU
		{CB0AA0B8-037D-4AEF-96FA-F45F3E80B75E}.AppStore|iPhone.ActiveCfg = Release|Any CPU
		{CB0AA0B8-037D-4AEF-96FA-F45F3E80B75E}.AppStore|iPhone.Build.0 = Release|Any CPU
		{CB0AA0B8-037D-4AEF-96FA-F45F3E80B75E}.AppStore|iPhone.Deploy.0 = Release|Any CPU
		{CB0AA0B8-037D-4AEF-96FA-F45F3E80B75E}.AppStore|iPhoneSimulator.ActiveCfg = Release|Any CPU
		{CB0AA0B8-037D-4AEF-96FA-F45F3E80B75E}.AppStore|iPhoneSimulator.Build.0 = Release|Any CPU
		{CB0AA0B8-037D-4AEF-96FA-F45F3E80B75E}.AppStore|iPhoneSimulator.Deploy.0 = Release|Any CPU
		{CB0AA0B8-037D-4AEF-96FA-F45F3E80B75E}.AppStore|x64.ActiveCfg = Release|Any CPU
		{CB0AA0B8-037D-4AEF-96FA-F45F3E80B75E}.AppStore|x64.Build.0 = Release|Any CPU
		{CB0AA0B8-037D-4AEF-96FA-F45F3E80B75E}.AppStore|x64.Deploy.0 = Release|Any CPU
		{CB0AA0B8-037D-4AEF-96FA-F45F3E80B75E}.AppStore|x86.ActiveCfg = Release|Any CPU
		{CB0AA0B8-037D-4AEF-96FA-F45F3E80B75E}.AppStore|x86.Build.0 = Release|Any CPU
		{CB0AA0B8-037D-4AEF-96FA-F45F3E80B75E}.AppStore|x86.Deploy.0 = Release|Any CPU
		{CB0AA0B8-037D-4AEF-96FA-F45F3E80B75E}.Debug|Any CPU.ActiveCfg = Debug|Any CPU
		{CB0AA0B8-037D-4AEF-96FA-F45F3E80B75E}.Debug|Any CPU.Build.0 = Debug|Any CPU
		{CB0AA0B8-037D-4AEF-96FA-F45F3E80B75E}.Debug|Any CPU.Deploy.0 = Debug|Any CPU
		{CB0AA0B8-037D-4AEF-96FA-F45F3E80B75E}.Debug|ARM.ActiveCfg = Debug|Any CPU
		{CB0AA0B8-037D-4AEF-96FA-F45F3E80B75E}.Debug|ARM.Build.0 = Debug|Any CPU
		{CB0AA0B8-037D-4AEF-96FA-F45F3E80B75E}.Debug|ARM.Deploy.0 = Debug|Any CPU
		{CB0AA0B8-037D-4AEF-96FA-F45F3E80B75E}.Debug|iPhone.ActiveCfg = Debug|Any CPU
		{CB0AA0B8-037D-4AEF-96FA-F45F3E80B75E}.Debug|iPhone.Build.0 = Debug|Any CPU
		{CB0AA0B8-037D-4AEF-96FA-F45F3E80B75E}.Debug|iPhone.Deploy.0 = Debug|Any CPU
		{CB0AA0B8-037D-4AEF-96FA-F45F3E80B75E}.Debug|iPhoneSimulator.ActiveCfg = Debug|Any CPU
		{CB0AA0B8-037D-4AEF-96FA-F45F3E80B75E}.Debug|iPhoneSimulator.Build.0 = Debug|Any CPU
		{CB0AA0B8-037D-4AEF-96FA-F45F3E80B75E}.Debug|iPhoneSimulator.Deploy.0 = Debug|Any CPU
		{CB0AA0B8-037D-4AEF-96FA-F45F3E80B75E}.Debug|x64.ActiveCfg = Debug|Any CPU
		{CB0AA0B8-037D-4AEF-96FA-F45F3E80B75E}.Debug|x64.Build.0 = Debug|Any CPU
		{CB0AA0B8-037D-4AEF-96FA-F45F3E80B75E}.Debug|x64.Deploy.0 = Debug|Any CPU
		{CB0AA0B8-037D-4AEF-96FA-F45F3E80B75E}.Debug|x86.ActiveCfg = Debug|Any CPU
		{CB0AA0B8-037D-4AEF-96FA-F45F3E80B75E}.Debug|x86.Build.0 = Debug|Any CPU
		{CB0AA0B8-037D-4AEF-96FA-F45F3E80B75E}.Debug|x86.Deploy.0 = Debug|Any CPU
		{CB0AA0B8-037D-4AEF-96FA-F45F3E80B75E}.Release|Any CPU.ActiveCfg = Release|Any CPU
		{CB0AA0B8-037D-4AEF-96FA-F45F3E80B75E}.Release|Any CPU.Build.0 = Release|Any CPU
		{CB0AA0B8-037D-4AEF-96FA-F45F3E80B75E}.Release|Any CPU.Deploy.0 = Release|Any CPU
		{CB0AA0B8-037D-4AEF-96FA-F45F3E80B75E}.Release|ARM.ActiveCfg = Release|Any CPU
		{CB0AA0B8-037D-4AEF-96FA-F45F3E80B75E}.Release|ARM.Build.0 = Release|Any CPU
		{CB0AA0B8-037D-4AEF-96FA-F45F3E80B75E}.Release|ARM.Deploy.0 = Release|Any CPU
		{CB0AA0B8-037D-4AEF-96FA-F45F3E80B75E}.Release|iPhone.ActiveCfg = Release|Any CPU
		{CB0AA0B8-037D-4AEF-96FA-F45F3E80B75E}.Release|iPhone.Build.0 = Release|Any CPU
		{CB0AA0B8-037D-4AEF-96FA-F45F3E80B75E}.Release|iPhone.Deploy.0 = Release|Any CPU
		{CB0AA0B8-037D-4AEF-96FA-F45F3E80B75E}.Release|iPhoneSimulator.ActiveCfg = Release|Any CPU
		{CB0AA0B8-037D-4AEF-96FA-F45F3E80B75E}.Release|iPhoneSimulator.Build.0 = Release|Any CPU
		{CB0AA0B8-037D-4AEF-96FA-F45F3E80B75E}.Release|iPhoneSimulator.Deploy.0 = Release|Any CPU
		{CB0AA0B8-037D-4AEF-96FA-F45F3E80B75E}.Release|x64.ActiveCfg = Release|Any CPU
		{CB0AA0B8-037D-4AEF-96FA-F45F3E80B75E}.Release|x64.Build.0 = Release|Any CPU
		{CB0AA0B8-037D-4AEF-96FA-F45F3E80B75E}.Release|x64.Deploy.0 = Release|Any CPU
		{CB0AA0B8-037D-4AEF-96FA-F45F3E80B75E}.Release|x86.ActiveCfg = Release|Any CPU
		{CB0AA0B8-037D-4AEF-96FA-F45F3E80B75E}.Release|x86.Build.0 = Release|Any CPU
		{CB0AA0B8-037D-4AEF-96FA-F45F3E80B75E}.Release|x86.Deploy.0 = Release|Any CPU
		{82856CBB-B19F-4CE0-927B-B746A747792D}.Ad-Hoc|Any CPU.ActiveCfg = Ad-Hoc|iPhone
		{82856CBB-B19F-4CE0-927B-B746A747792D}.Ad-Hoc|ARM.ActiveCfg = Ad-Hoc|iPhone
		{82856CBB-B19F-4CE0-927B-B746A747792D}.Ad-Hoc|iPhone.ActiveCfg = Ad-Hoc|iPhone
		{82856CBB-B19F-4CE0-927B-B746A747792D}.Ad-Hoc|iPhone.Build.0 = Ad-Hoc|iPhone
		{82856CBB-B19F-4CE0-927B-B746A747792D}.Ad-Hoc|iPhoneSimulator.ActiveCfg = Ad-Hoc|iPhoneSimulator
		{82856CBB-B19F-4CE0-927B-B746A747792D}.Ad-Hoc|iPhoneSimulator.Build.0 = Ad-Hoc|iPhoneSimulator
		{82856CBB-B19F-4CE0-927B-B746A747792D}.Ad-Hoc|x64.ActiveCfg = Ad-Hoc|iPhone
		{82856CBB-B19F-4CE0-927B-B746A747792D}.Ad-Hoc|x86.ActiveCfg = Ad-Hoc|iPhone
		{82856CBB-B19F-4CE0-927B-B746A747792D}.AppStore|Any CPU.ActiveCfg = AppStore|iPhone
		{82856CBB-B19F-4CE0-927B-B746A747792D}.AppStore|ARM.ActiveCfg = AppStore|iPhone
		{82856CBB-B19F-4CE0-927B-B746A747792D}.AppStore|iPhone.ActiveCfg = AppStore|iPhone
		{82856CBB-B19F-4CE0-927B-B746A747792D}.AppStore|iPhone.Build.0 = AppStore|iPhone
		{82856CBB-B19F-4CE0-927B-B746A747792D}.AppStore|iPhoneSimulator.ActiveCfg = AppStore|iPhoneSimulator
		{82856CBB-B19F-4CE0-927B-B746A747792D}.AppStore|iPhoneSimulator.Build.0 = AppStore|iPhoneSimulator
		{82856CBB-B19F-4CE0-927B-B746A747792D}.AppStore|x64.ActiveCfg = AppStore|iPhone
		{82856CBB-B19F-4CE0-927B-B746A747792D}.AppStore|x86.ActiveCfg = AppStore|iPhone
		{82856CBB-B19F-4CE0-927B-B746A747792D}.Debug|Any CPU.ActiveCfg = Debug|iPhone
		{82856CBB-B19F-4CE0-927B-B746A747792D}.Debug|ARM.ActiveCfg = Debug|iPhone
		{82856CBB-B19F-4CE0-927B-B746A747792D}.Debug|iPhone.ActiveCfg = Debug|iPhone
		{82856CBB-B19F-4CE0-927B-B746A747792D}.Debug|iPhone.Build.0 = Debug|iPhone
		{82856CBB-B19F-4CE0-927B-B746A747792D}.Debug|iPhoneSimulator.ActiveCfg = Debug|iPhoneSimulator
		{82856CBB-B19F-4CE0-927B-B746A747792D}.Debug|iPhoneSimulator.Build.0 = Debug|iPhoneSimulator
		{82856CBB-B19F-4CE0-927B-B746A747792D}.Debug|x64.ActiveCfg = Debug|iPhone
		{82856CBB-B19F-4CE0-927B-B746A747792D}.Debug|x86.ActiveCfg = Debug|iPhone
		{82856CBB-B19F-4CE0-927B-B746A747792D}.Release|Any CPU.ActiveCfg = Release|iPhone
		{82856CBB-B19F-4CE0-927B-B746A747792D}.Release|ARM.ActiveCfg = Release|iPhone
		{82856CBB-B19F-4CE0-927B-B746A747792D}.Release|iPhone.ActiveCfg = Release|iPhone
		{82856CBB-B19F-4CE0-927B-B746A747792D}.Release|iPhone.Build.0 = Release|iPhone
		{82856CBB-B19F-4CE0-927B-B746A747792D}.Release|iPhoneSimulator.ActiveCfg = Release|iPhoneSimulator
		{82856CBB-B19F-4CE0-927B-B746A747792D}.Release|iPhoneSimulator.Build.0 = Release|iPhoneSimulator
		{82856CBB-B19F-4CE0-927B-B746A747792D}.Release|x64.ActiveCfg = Release|iPhone
		{82856CBB-B19F-4CE0-927B-B746A747792D}.Release|x86.ActiveCfg = Release|iPhone
	EndGlobalSection
	GlobalSection(SolutionProperties) = preSolution
		HideSolutionNode = FALSE
	EndGlobalSection
EndGlobal
