
Microsoft Visual Studio Solution File, Format Version 12.00
# Visual Studio 14
VisualStudioVersion = 14.0.25123.0
MinimumVisualStudioVersion = 10.0.40219.1
Project("{FAE04EC0-301F-11D3-BF4B-00C04F79EFBC}") = "GridDemo.Droid", "GridDemo\GridDemo.Droid\GridDemo.Droid.csproj", "{4FEB4FE5-5AC7-44F3-BBB6-C65A5B919FEE}"
EndProject
Project("{FAE04EC0-301F-11D3-BF4B-00C04F79EFBC}") = "GridDemo.iOS", "GridDemo\GridDemo.iOS\GridDemo.iOS.csproj", "{440E6EA8-BBEF-4157-A6EC-9DE2F15085A6}"
EndProject
Project("{FAE04EC0-301F-11D3-BF4B-00C04F79EFBC}") = "GridDemo", "GridDemo\GridDemo\GridDemo.csproj", "{9394E8BA-F645-4267-AD2D-6A2B4C62B82A}"
EndProject
Global
	GlobalSection(SolutionConfigurationPlatforms) = preSolution
		Ad-Hoc|Any CPU = Ad-Hoc|Any CPU
		Ad-Hoc|ARM = Ad-Hoc|ARM
		Ad-Hoc|iPhone = Ad-Hoc|iPhone
		Ad-Hoc|iPhoneSimulator = Ad-Hoc|iPhoneSimulator
		Ad-Hoc|x64 = Ad-Hoc|x64
		Ad-Hoc|x86 = Ad-Hoc|x86
		AppStore|Any CPU = AppStore|Any CPU
		AppStore|ARM = AppStore|ARM
		AppStore|iPhone = AppStore|iPhone
		AppStore|iPhoneSimulator = AppStore|iPhoneSimulator
		AppStore|x64 = AppStore|x64
		AppStore|x86 = AppStore|x86
		Debug|Any CPU = Debug|Any CPU
		Debug|ARM = Debug|ARM
		Debug|iPhone = Debug|iPhone
		Debug|iPhoneSimulator = Debug|iPhoneSimulator
		Debug|x64 = Debug|x64
		Debug|x86 = Debug|x86
		Release|Any CPU = Release|Any CPU
		Release|ARM = Release|ARM
		Release|iPhone = Release|iPhone
		Release|iPhoneSimulator = Release|iPhoneSimulator
		Release|x64 = Release|x64
		Release|x86 = Release|x86
	EndGlobalSection
	GlobalSection(ProjectConfigurationPlatforms) = postSolution
		{4FEB4FE5-5AC7-44F3-BBB6-C65A5B919FEE}.Ad-Hoc|Any CPU.ActiveCfg = Release|Any CPU
		{4FEB4FE5-5AC7-44F3-BBB6-C65A5B919FEE}.Ad-Hoc|Any CPU.Build.0 = Release|Any CPU
		{4FEB4FE5-5AC7-44F3-BBB6-C65A5B919FEE}.Ad-Hoc|Any CPU.Deploy.0 = Release|Any CPU
		{4FEB4FE5-5AC7-44F3-BBB6-C65A5B919FEE}.Ad-Hoc|ARM.ActiveCfg = Release|Any CPU
		{4FEB4FE5-5AC7-44F3-BBB6-C65A5B919FEE}.Ad-Hoc|ARM.Build.0 = Release|Any CPU
		{4FEB4FE5-5AC7-44F3-BBB6-C65A5B919FEE}.Ad-Hoc|ARM.Deploy.0 = Release|Any CPU
		{4FEB4FE5-5AC7-44F3-BBB6-C65A5B919FEE}.Ad-Hoc|iPhone.ActiveCfg = Release|Any CPU
		{4FEB4FE5-5AC7-44F3-BBB6-C65A5B919FEE}.Ad-Hoc|iPhone.Build.0 = Release|Any CPU
		{4FEB4FE5-5AC7-44F3-BBB6-C65A5B919FEE}.Ad-Hoc|iPhone.Deploy.0 = Release|Any CPU
		{4FEB4FE5-5AC7-44F3-BBB6-C65A5B919FEE}.Ad-Hoc|iPhoneSimulator.ActiveCfg = Release|Any CPU
		{4FEB4FE5-5AC7-44F3-BBB6-C65A5B919FEE}.Ad-Hoc|iPhoneSimulator.Build.0 = Release|Any CPU
		{4FEB4FE5-5AC7-44F3-BBB6-C65A5B919FEE}.Ad-Hoc|iPhoneSimulator.Deploy.0 = Release|Any CPU
		{4FEB4FE5-5AC7-44F3-BBB6-C65A5B919FEE}.Ad-Hoc|x64.ActiveCfg = Release|Any CPU
		{4FEB4FE5-5AC7-44F3-BBB6-C65A5B919FEE}.Ad-Hoc|x64.Build.0 = Release|Any CPU
		{4FEB4FE5-5AC7-44F3-BBB6-C65A5B919FEE}.Ad-Hoc|x64.Deploy.0 = Release|Any CPU
		{4FEB4FE5-5AC7-44F3-BBB6-C65A5B919FEE}.Ad-Hoc|x86.ActiveCfg = Release|Any CPU
		{4FEB4FE5-5AC7-44F3-BBB6-C65A5B919FEE}.Ad-Hoc|x86.Build.0 = Release|Any CPU
		{4FEB4FE5-5AC7-44F3-BBB6-C65A5B919FEE}.Ad-Hoc|x86.Deploy.0 = Release|Any CPU
		{4FEB4FE5-5AC7-44F3-BBB6-C65A5B919FEE}.AppStore|Any CPU.ActiveCfg = Release|Any CPU
		{4FEB4FE5-5AC7-44F3-BBB6-C65A5B919FEE}.AppStore|Any CPU.Build.0 = Release|Any CPU
		{4FEB4FE5-5AC7-44F3-BBB6-C65A5B919FEE}.AppStore|Any CPU.Deploy.0 = Release|Any CPU
		{4FEB4FE5-5AC7-44F3-BBB6-C65A5B919FEE}.AppStore|ARM.ActiveCfg = Release|Any CPU
		{4FEB4FE5-5AC7-44F3-BBB6-C65A5B919FEE}.AppStore|ARM.Build.0 = Release|Any CPU
		{4FEB4FE5-5AC7-44F3-BBB6-C65A5B919FEE}.AppStore|ARM.Deploy.0 = Release|Any CPU
		{4FEB4FE5-5AC7-44F3-BBB6-C65A5B919FEE}.AppStore|iPhone.ActiveCfg = Release|Any CPU
		{4FEB4FE5-5AC7-44F3-BBB6-C65A5B919FEE}.AppStore|iPhone.Build.0 = Release|Any CPU
		{4FEB4FE5-5AC7-44F3-BBB6-C65A5B919FEE}.AppStore|iPhone.Deploy.0 = Release|Any CPU
		{4FEB4FE5-5AC7-44F3-BBB6-C65A5B919FEE}.AppStore|iPhoneSimulator.ActiveCfg = Release|Any CPU
		{4FEB4FE5-5AC7-44F3-BBB6-C65A5B919FEE}.AppStore|iPhoneSimulator.Build.0 = Release|Any CPU
		{4FEB4FE5-5AC7-44F3-BBB6-C65A5B919FEE}.AppStore|iPhoneSimulator.Deploy.0 = Release|Any CPU
		{4FEB4FE5-5AC7-44F3-BBB6-C65A5B919FEE}.AppStore|x64.ActiveCfg = Release|Any CPU
		{4FEB4FE5-5AC7-44F3-BBB6-C65A5B919FEE}.AppStore|x64.Build.0 = Release|Any CPU
		{4FEB4FE5-5AC7-44F3-BBB6-C65A5B919FEE}.AppStore|x64.Deploy.0 = Release|Any CPU
		{4FEB4FE5-5AC7-44F3-BBB6-C65A5B919FEE}.AppStore|x86.ActiveCfg = Release|Any CPU
		{4FEB4FE5-5AC7-44F3-BBB6-C65A5B919FEE}.AppStore|x86.Build.0 = Release|Any CPU
		{4FEB4FE5-5AC7-44F3-BBB6-C65A5B919FEE}.AppStore|x86.Deploy.0 = Release|Any CPU
		{4FEB4FE5-5AC7-44F3-BBB6-C65A5B919FEE}.Debug|Any CPU.ActiveCfg = Debug|Any CPU
		{4FEB4FE5-5AC7-44F3-BBB6-C65A5B919FEE}.Debug|Any CPU.Build.0 = Debug|Any CPU
		{4FEB4FE5-5AC7-44F3-BBB6-C65A5B919FEE}.Debug|Any CPU.Deploy.0 = Debug|Any CPU
		{4FEB4FE5-5AC7-44F3-BBB6-C65A5B919FEE}.Debug|ARM.ActiveCfg = Debug|Any CPU
		{4FEB4FE5-5AC7-44F3-BBB6-C65A5B919FEE}.Debug|ARM.Build.0 = Debug|Any CPU
		{4FEB4FE5-5AC7-44F3-BBB6-C65A5B919FEE}.Debug|ARM.Deploy.0 = Debug|Any CPU
		{4FEB4FE5-5AC7-44F3-BBB6-C65A5B919FEE}.Debug|iPhone.ActiveCfg = Debug|Any CPU
		{4FEB4FE5-5AC7-44F3-BBB6-C65A5B919FEE}.Debug|iPhone.Build.0 = Debug|Any CPU
		{4FEB4FE5-5AC7-44F3-BBB6-C65A5B919FEE}.Debug|iPhone.Deploy.0 = Debug|Any CPU
		{4FEB4FE5-5AC7-44F3-BBB6-C65A5B919FEE}.Debug|iPhoneSimulator.ActiveCfg = Debug|Any CPU
		{4FEB4FE5-5AC7-44F3-BBB6-C65A5B919FEE}.Debug|iPhoneSimulator.Build.0 = Debug|Any CPU
		{4FEB4FE5-5AC7-44F3-BBB6-C65A5B919FEE}.Debug|iPhoneSimulator.Deploy.0 = Debug|Any CPU
		{4FEB4FE5-5AC7-44F3-BBB6-C65A5B919FEE}.Debug|x64.ActiveCfg = Debug|Any CPU
		{4FEB4FE5-5AC7-44F3-BBB6-C65A5B919FEE}.Debug|x64.Build.0 = Debug|Any CPU
		{4FEB4FE5-5AC7-44F3-BBB6-C65A5B919FEE}.Debug|x64.Deploy.0 = Debug|Any CPU
		{4FEB4FE5-5AC7-44F3-BBB6-C65A5B919FEE}.Debug|x86.ActiveCfg = Debug|Any CPU
		{4FEB4FE5-5AC7-44F3-BBB6-C65A5B919FEE}.Debug|x86.Build.0 = Debug|Any CPU
		{4FEB4FE5-5AC7-44F3-BBB6-C65A5B919FEE}.Debug|x86.Deploy.0 = Debug|Any CPU
		{4FEB4FE5-5AC7-44F3-BBB6-C65A5B919FEE}.Release|Any CPU.ActiveCfg = Release|Any CPU
		{4FEB4FE5-5AC7-44F3-BBB6-C65A5B919FEE}.Release|Any CPU.Build.0 = Release|Any CPU
		{4FEB4FE5-5AC7-44F3-BBB6-C65A5B919FEE}.Release|Any CPU.Deploy.0 = Release|Any CPU
		{4FEB4FE5-5AC7-44F3-BBB6-C65A5B919FEE}.Release|ARM.ActiveCfg = Release|Any CPU
		{4FEB4FE5-5AC7-44F3-BBB6-C65A5B919FEE}.Release|ARM.Build.0 = Release|Any CPU
		{4FEB4FE5-5AC7-44F3-BBB6-C65A5B919FEE}.Release|ARM.Deploy.0 = Release|Any CPU
		{4FEB4FE5-5AC7-44F3-BBB6-C65A5B919FEE}.Release|iPhone.ActiveCfg = Release|Any CPU
		{4FEB4FE5-5AC7-44F3-BBB6-C65A5B919FEE}.Release|iPhone.Build.0 = Release|Any CPU
		{4FEB4FE5-5AC7-44F3-BBB6-C65A5B919FEE}.Release|iPhone.Deploy.0 = Release|Any CPU
		{4FEB4FE5-5AC7-44F3-BBB6-C65A5B919FEE}.Release|iPhoneSimulator.ActiveCfg = Release|Any CPU
		{4FEB4FE5-5AC7-44F3-BBB6-C65A5B919FEE}.Release|iPhoneSimulator.Build.0 = Release|Any CPU
		{4FEB4FE5-5AC7-44F3-BBB6-C65A5B919FEE}.Release|iPhoneSimulator.Deploy.0 = Release|Any CPU
		{4FEB4FE5-5AC7-44F3-BBB6-C65A5B919FEE}.Release|x64.ActiveCfg = Release|Any CPU
		{4FEB4FE5-5AC7-44F3-BBB6-C65A5B919FEE}.Release|x64.Build.0 = Release|Any CPU
		{4FEB4FE5-5AC7-44F3-BBB6-C65A5B919FEE}.Release|x64.Deploy.0 = Release|Any CPU
		{4FEB4FE5-5AC7-44F3-BBB6-C65A5B919FEE}.Release|x86.ActiveCfg = Release|Any CPU
		{4FEB4FE5-5AC7-44F3-BBB6-C65A5B919FEE}.Release|x86.Build.0 = Release|Any CPU
		{4FEB4FE5-5AC7-44F3-BBB6-C65A5B919FEE}.Release|x86.Deploy.0 = Release|Any CPU
		{440E6EA8-BBEF-4157-A6EC-9DE2F15085A6}.Ad-Hoc|Any CPU.ActiveCfg = Ad-Hoc|iPhone
		{440E6EA8-BBEF-4157-A6EC-9DE2F15085A6}.Ad-Hoc|ARM.ActiveCfg = Ad-Hoc|iPhone
		{440E6EA8-BBEF-4157-A6EC-9DE2F15085A6}.Ad-Hoc|iPhone.ActiveCfg = Ad-Hoc|iPhone
		{440E6EA8-BBEF-4157-A6EC-9DE2F15085A6}.Ad-Hoc|iPhone.Build.0 = Ad-Hoc|iPhone
		{440E6EA8-BBEF-4157-A6EC-9DE2F15085A6}.Ad-Hoc|iPhoneSimulator.ActiveCfg = Ad-Hoc|iPhoneSimulator
		{440E6EA8-BBEF-4157-A6EC-9DE2F15085A6}.Ad-Hoc|iPhoneSimulator.Build.0 = Ad-Hoc|iPhoneSimulator
		{440E6EA8-BBEF-4157-A6EC-9DE2F15085A6}.Ad-Hoc|x64.ActiveCfg = Ad-Hoc|iPhone
		{440E6EA8-BBEF-4157-A6EC-9DE2F15085A6}.Ad-Hoc|x86.ActiveCfg = Ad-Hoc|iPhone
		{440E6EA8-BBEF-4157-A6EC-9DE2F15085A6}.AppStore|Any CPU.ActiveCfg = AppStore|iPhone
		{440E6EA8-BBEF-4157-A6EC-9DE2F15085A6}.AppStore|ARM.ActiveCfg = AppStore|iPhone
		{440E6EA8-BBEF-4157-A6EC-9DE2F15085A6}.AppStore|iPhone.ActiveCfg = AppStore|iPhone
		{440E6EA8-BBEF-4157-A6EC-9DE2F15085A6}.AppStore|iPhone.Build.0 = AppStore|iPhone
		{440E6EA8-BBEF-4157-A6EC-9DE2F15085A6}.AppStore|iPhoneSimulator.ActiveCfg = AppStore|iPhoneSimulator
		{440E6EA8-BBEF-4157-A6EC-9DE2F15085A6}.AppStore|iPhoneSimulator.Build.0 = AppStore|iPhoneSimulator
		{440E6EA8-BBEF-4157-A6EC-9DE2F15085A6}.AppStore|x64.ActiveCfg = AppStore|iPhone
		{440E6EA8-BBEF-4157-A6EC-9DE2F15085A6}.AppStore|x86.ActiveCfg = AppStore|iPhone
		{440E6EA8-BBEF-4157-A6EC-9DE2F15085A6}.Debug|Any CPU.ActiveCfg = Debug|iPhone
		{440E6EA8-BBEF-4157-A6EC-9DE2F15085A6}.Debug|ARM.ActiveCfg = Debug|iPhone
		{440E6EA8-BBEF-4157-A6EC-9DE2F15085A6}.Debug|iPhone.ActiveCfg = Debug|iPhone
		{440E6EA8-BBEF-4157-A6EC-9DE2F15085A6}.Debug|iPhone.Build.0 = Debug|iPhone
		{440E6EA8-BBEF-4157-A6EC-9DE2F15085A6}.Debug|iPhoneSimulator.ActiveCfg = Debug|iPhoneSimulator
		{440E6EA8-BBEF-4157-A6EC-9DE2F15085A6}.Debug|iPhoneSimulator.Build.0 = Debug|iPhoneSimulator
		{440E6EA8-BBEF-4157-A6EC-9DE2F15085A6}.Debug|x64.ActiveCfg = Debug|iPhone
		{440E6EA8-BBEF-4157-A6EC-9DE2F15085A6}.Debug|x86.ActiveCfg = Debug|iPhone
		{440E6EA8-BBEF-4157-A6EC-9DE2F15085A6}.Release|Any CPU.ActiveCfg = Release|iPhone
		{440E6EA8-BBEF-4157-A6EC-9DE2F15085A6}.Release|ARM.ActiveCfg = Release|iPhone
		{440E6EA8-BBEF-4157-A6EC-9DE2F15085A6}.Release|iPhone.ActiveCfg = Release|iPhone
		{440E6EA8-BBEF-4157-A6EC-9DE2F15085A6}.Release|iPhone.Build.0 = Release|iPhone
		{440E6EA8-BBEF-4157-A6EC-9DE2F15085A6}.Release|iPhoneSimulator.ActiveCfg = Release|iPhoneSimulator
		{440E6EA8-BBEF-4157-A6EC-9DE2F15085A6}.Release|iPhoneSimulator.Build.0 = Release|iPhoneSimulator
		{440E6EA8-BBEF-4157-A6EC-9DE2F15085A6}.Release|x64.ActiveCfg = Release|iPhone
		{440E6EA8-BBEF-4157-A6EC-9DE2F15085A6}.Release|x86.ActiveCfg = Release|iPhone
		{9394E8BA-F645-4267-AD2D-6A2B4C62B82A}.Ad-Hoc|Any CPU.ActiveCfg = Release|Any CPU
		{9394E8BA-F645-4267-AD2D-6A2B4C62B82A}.Ad-Hoc|Any CPU.Build.0 = Release|Any CPU
		{9394E8BA-F645-4267-AD2D-6A2B4C62B82A}.Ad-Hoc|ARM.ActiveCfg = Release|Any CPU
		{9394E8BA-F645-4267-AD2D-6A2B4C62B82A}.Ad-Hoc|ARM.Build.0 = Release|Any CPU
		{9394E8BA-F645-4267-AD2D-6A2B4C62B82A}.Ad-Hoc|iPhone.ActiveCfg = Release|Any CPU
		{9394E8BA-F645-4267-AD2D-6A2B4C62B82A}.Ad-Hoc|iPhone.Build.0 = Release|Any CPU
		{9394E8BA-F645-4267-AD2D-6A2B4C62B82A}.Ad-Hoc|iPhoneSimulator.ActiveCfg = Release|Any CPU
		{9394E8BA-F645-4267-AD2D-6A2B4C62B82A}.Ad-Hoc|iPhoneSimulator.Build.0 = Release|Any CPU
		{9394E8BA-F645-4267-AD2D-6A2B4C62B82A}.Ad-Hoc|x64.ActiveCfg = Release|Any CPU
		{9394E8BA-F645-4267-AD2D-6A2B4C62B82A}.Ad-Hoc|x64.Build.0 = Release|Any CPU
		{9394E8BA-F645-4267-AD2D-6A2B4C62B82A}.Ad-Hoc|x86.ActiveCfg = Release|Any CPU
		{9394E8BA-F645-4267-AD2D-6A2B4C62B82A}.Ad-Hoc|x86.Build.0 = Release|Any CPU
		{9394E8BA-F645-4267-AD2D-6A2B4C62B82A}.AppStore|Any CPU.ActiveCfg = Release|Any CPU
		{9394E8BA-F645-4267-AD2D-6A2B4C62B82A}.AppStore|Any CPU.Build.0 = Release|Any CPU
		{9394E8BA-F645-4267-AD2D-6A2B4C62B82A}.AppStore|ARM.ActiveCfg = Release|Any CPU
		{9394E8BA-F645-4267-AD2D-6A2B4C62B82A}.AppStore|ARM.Build.0 = Release|Any CPU
		{9394E8BA-F645-4267-AD2D-6A2B4C62B82A}.AppStore|iPhone.ActiveCfg = Release|Any CPU
		{9394E8BA-F645-4267-AD2D-6A2B4C62B82A}.AppStore|iPhone.Build.0 = Release|Any CPU
		{9394E8BA-F645-4267-AD2D-6A2B4C62B82A}.AppStore|iPhoneSimulator.ActiveCfg = Release|Any CPU
		{9394E8BA-F645-4267-AD2D-6A2B4C62B82A}.AppStore|iPhoneSimulator.Build.0 = Release|Any CPU
		{9394E8BA-F645-4267-AD2D-6A2B4C62B82A}.AppStore|x64.ActiveCfg = Release|Any CPU
		{9394E8BA-F645-4267-AD2D-6A2B4C62B82A}.AppStore|x64.Build.0 = Release|Any CPU
		{9394E8BA-F645-4267-AD2D-6A2B4C62B82A}.AppStore|x86.ActiveCfg = Release|Any CPU
		{9394E8BA-F645-4267-AD2D-6A2B4C62B82A}.AppStore|x86.Build.0 = Release|Any CPU
		{9394E8BA-F645-4267-AD2D-6A2B4C62B82A}.Debug|Any CPU.ActiveCfg = Debug|Any CPU
		{9394E8BA-F645-4267-AD2D-6A2B4C62B82A}.Debug|Any CPU.Build.0 = Debug|Any CPU
		{9394E8BA-F645-4267-AD2D-6A2B4C62B82A}.Debug|ARM.ActiveCfg = Debug|Any CPU
		{9394E8BA-F645-4267-AD2D-6A2B4C62B82A}.Debug|ARM.Build.0 = Debug|Any CPU
		{9394E8BA-F645-4267-AD2D-6A2B4C62B82A}.Debug|iPhone.ActiveCfg = Debug|Any CPU
		{9394E8BA-F645-4267-AD2D-6A2B4C62B82A}.Debug|iPhone.Build.0 = Debug|Any CPU
		{9394E8BA-F645-4267-AD2D-6A2B4C62B82A}.Debug|iPhoneSimulator.ActiveCfg = Debug|Any CPU
		{9394E8BA-F645-4267-AD2D-6A2B4C62B82A}.Debug|iPhoneSimulator.Build.0 = Debug|Any CPU
		{9394E8BA-F645-4267-AD2D-6A2B4C62B82A}.Debug|x64.ActiveCfg = Debug|Any CPU
		{9394E8BA-F645-4267-AD2D-6A2B4C62B82A}.Debug|x64.Build.0 = Debug|Any CPU
		{9394E8BA-F645-4267-AD2D-6A2B4C62B82A}.Debug|x86.ActiveCfg = Debug|Any CPU
		{9394E8BA-F645-4267-AD2D-6A2B4C62B82A}.Debug|x86.Build.0 = Debug|Any CPU
		{9394E8BA-F645-4267-AD2D-6A2B4C62B82A}.Release|Any CPU.ActiveCfg = Release|Any CPU
		{9394E8BA-F645-4267-AD2D-6A2B4C62B82A}.Release|Any CPU.Build.0 = Release|Any CPU
		{9394E8BA-F645-4267-AD2D-6A2B4C62B82A}.Release|ARM.ActiveCfg = Release|Any CPU
		{9394E8BA-F645-4267-AD2D-6A2B4C62B82A}.Release|ARM.Build.0 = Release|Any CPU
		{9394E8BA-F645-4267-AD2D-6A2B4C62B82A}.Release|iPhone.ActiveCfg = Release|Any CPU
		{9394E8BA-F645-4267-AD2D-6A2B4C62B82A}.Release|iPhone.Build.0 = Release|Any CPU
		{9394E8BA-F645-4267-AD2D-6A2B4C62B82A}.Release|iPhoneSimulator.ActiveCfg = Release|Any CPU
		{9394E8BA-F645-4267-AD2D-6A2B4C62B82A}.Release|iPhoneSimulator.Build.0 = Release|Any CPU
		{9394E8BA-F645-4267-AD2D-6A2B4C62B82A}.Release|x64.ActiveCfg = Release|Any CPU
		{9394E8BA-F645-4267-AD2D-6A2B4C62B82A}.Release|x64.Build.0 = Release|Any CPU
		{9394E8BA-F645-4267-AD2D-6A2B4C62B82A}.Release|x86.ActiveCfg = Release|Any CPU
		{9394E8BA-F645-4267-AD2D-6A2B4C62B82A}.Release|x86.Build.0 = Release|Any CPU
	EndGlobalSection
	GlobalSection(SolutionProperties) = preSolution
		HideSolutionNode = FALSE
	EndGlobalSection
EndGlobal
